// !$*UTF8*$!
{
	archiveVersion = 1;
	classes = {
	};
	objectVersion = 77;
	objects = {

/* Begin PBXBuildFile section */
		00F1E36FDE8C30DA106DBCB3 /* LaunchSnapshotStore.swift in Sources */ = {isa = PBXBuildFile; fileRef = 950473F382728BB7A8C75C98 /* LaunchSnapshotStore.swift */; };
		010C8B0BDC4104CD1535A722 /* ChatMessageFormatter.swift in Sources */ = {isa = PBXBuildFile; fileRef = 2993D6F3C7272135BAABB652 /* ChatMessageFormatter.swift */; };
		03B0CC0B75C882455F238B4A /* MenuBarDiskMonitor.swift in Sources */ = {isa = PBXBuildFile; fileRef = 2D1F08103579C30093C9CA6F /* MenuBarDiskMonitor.swift */; };
		06173B02965DF82C4D27FD21 /* PhotoThumbnailView.swift in Sources */ = {isa = PBXBuildFile; fileRef = A95089E8F90EA78BED11A5C4 /* PhotoThumbnailView.swift */; };
		12181882218C57B9CAC4A122 /* DatabaseKit in Frameworks */ = {isa = PBXBuildFile; productRef = 603D826F44FE9A518C0D3BDD /* DatabaseKit */; };
		12B3019096123619E84C856A /* ScanActivityMonitor.swift in Sources */ = {isa = PBXBuildFile; fileRef = 894ADEF97DF74C5A2CC2FB56 /* ScanActivityMonitor.swift */; };
		158813C796EA13AB146C66FC /* PythonSetupPrompt.swift in Sources */ = {isa = PBXBuildFile; fileRef = A9F503999EF5B8D256503AAB /* PythonSetupPrompt.swift */; };
		1CD543F02D09EA6CAE866DED /* KeepAwakeController.swift in Sources */ = {isa = PBXBuildFile; fileRef = 57AABB29DD65A9BDEEAF5208 /* KeepAwakeController.swift */; };
		1E53EC8914F1731237797CA1 /* DiskWiseiOSApp.swift in Sources */ = {isa = PBXBuildFile; fileRef = 76ED03BAAE940F4C16AD1632 /* DiskWiseiOSApp.swift */; };
		1EE25D57381C05F2DBFB4A95 /* Localizable.xcstrings in Resources */ = {isa = PBXBuildFile; fileRef = 9114F02E4896ADB4B6CEFFD1 /* Localizable.xcstrings */; };
		1F51D2B07CD65407C66DC665 /* ScanProgressPoller.swift in Sources */ = {isa = PBXBuildFile; fileRef = 831704D62E5020E6E4F2219B /* ScanProgressPoller.swift */; };
		222F260B8FC6D208194F7475 /* MenuBarPopoverSession.swift in Sources */ = {isa = PBXBuildFile; fileRef = 7F2C213738FE643532C9DFFF /* MenuBarPopoverSession.swift */; };
		26C96575723C749EAEAAE2B9 /* MediaPreviewView.swift in Sources */ = {isa = PBXBuildFile; fileRef = 509EE339B1513BEBFCE6FF2F /* MediaPreviewView.swift */; };
		2791E28A3F889BE0CA5591A3 /* DiskWiseApp.swift in Sources */ = {isa = PBXBuildFile; fileRef = 955E6302377D998824A2996E /* DiskWiseApp.swift */; };
		2A5FFCD2AAE4999E1A451013 /* Sparkle in Frameworks */ = {isa = PBXBuildFile; productRef = CA8CA1FCB359C47B036826D8 /* Sparkle */; };
		2E51EA5FD30ECF1DA75CE384 /* SparkleUpdater.swift in Sources */ = {isa = PBXBuildFile; fileRef = 7F95E82B6008C61D7A885B07 /* SparkleUpdater.swift */; };
		2E9B3F7F506A3D4BE5D8085A /* WhatsNewTourView.swift in Sources */ = {isa = PBXBuildFile; fileRef = F9360EC36C59D568DEE4B034 /* WhatsNewTourView.swift */; };
		2F8E0615B44E65399BB15C38 /* NotificationThresholdSettings.swift in Sources */ = {isa = PBXBuildFile; fileRef = 830171A9EC86B8C250DC27EF /* NotificationThresholdSettings.swift */; };
		35C2FBD43AA45854D7095316 /* ScanHistoryTabView.swift in Sources */ = {isa = PBXBuildFile; fileRef = DB541EF7FCA4D4A09F925A52 /* ScanHistoryTabView.swift */; };
		36DBFBCADADF9C0C5B4BA080 /* AppViewModel.swift in Sources */ = {isa = PBXBuildFile; fileRef = 41738F52625CC6311842BB5E /* AppViewModel.swift */; };
		3938F8DCE93E1F9DE02528D5 /* StartupAppsView.swift in Sources */ = {isa = PBXBuildFile; fileRef = 4D54BBDE3B8DB29184E8266D /* StartupAppsView.swift */; };
		39D358830B3310F80D7E34BC /* StartupAppsMonitor.swift in Sources */ = {isa = PBXBuildFile; fileRef = AEA7510719FC9D71F899D3F2 /* StartupAppsMonitor.swift */; };
		3C7DED24BCCE52F43DA8E8C6 /* DiskSpaceNotificationService.swift in Sources */ = {isa = PBXBuildFile; fileRef = 19CD2D60FCE100FAE2A0E44D /* DiskSpaceNotificationService.swift */; };
		3C9391E32950657414DC1824 /* ScanScheduleService.swift in Sources */ = {isa = PBXBuildFile; fileRef = 47192B19910D5284C7458EAB /* ScanScheduleService.swift */; };
		3DCDE49CEF1302917C0BF7DB /* SystemHealthNotificationService.swift in Sources */ = {isa = PBXBuildFile; fileRef = BAEC7145766F553BED663558 /* SystemHealthNotificationService.swift */; };
		43812CC0CAC331665A839E8B /* MemoryIssueHistoryStore.swift in Sources */ = {isa = PBXBuildFile; fileRef = 049FE94153CD8C506C36E4B6 /* MemoryIssueHistoryStore.swift */; };
		4709F41AF9D9E5ED27E3018D /* AIKit in Frameworks */ = {isa = PBXBuildFile; productRef = 268149F6EA534326414CF175 /* AIKit */; };
		4C976DB4F4092E15A26DB267 /* MaintenanceKit in Frameworks */ = {isa = PBXBuildFile; productRef = 9FEE827C95850FDD3406ADA0 /* MaintenanceKit */; };
		4EF9EF0F2E65F2CA9C42005F /* CleanupKit in Frameworks */ = {isa = PBXBuildFile; productRef = 873697E510808232A5864DDB /* CleanupKit */; };
		553C8171BB9294B2F284F811 /* RootViews.swift in Sources */ = {isa = PBXBuildFile; fileRef = 2586B364342E5F3E4329CE84 /* RootViews.swift */; };
		5D7A79F7F124D32BF1D5BAF9 /* DuplicateGroupReviewSheet.swift in Sources */ = {isa = PBXBuildFile; fileRef = 2E30FF6113D3127900B3CC7D /* DuplicateGroupReviewSheet.swift */; };
		6364632C8485413073CA9BB3 /* MainScreens.swift in Sources */ = {isa = PBXBuildFile; fileRef = 7606C2E2E0391264171C1F55 /* MainScreens.swift */; };
		68EAF0F0D832F829DC54A2EC /* AboutView.swift in Sources */ = {isa = PBXBuildFile; fileRef = 98EFAE1062F153FAFA7B0D8A /* AboutView.swift */; };
		72866D3338346773621D17C0 /* StorageCleanupInsightsSection.swift in Sources */ = {isa = PBXBuildFile; fileRef = FF84008C7D0F508E5B8F5851 /* StorageCleanupInsightsSection.swift */; };
		75E2033E8389AC2CF2A55666 /* ActivityLog.swift in Sources */ = {isa = PBXBuildFile; fileRef = 57BB2C32DA1EC6AD699DBDBD /* ActivityLog.swift */; };
		7F3FA96EA3B2337449CD40D0 /* diskwise_scan.py in Resources */ = {isa = PBXBuildFile; fileRef = C27E95DFD0F9841389B35E2F /* diskwise_scan.py */; };
		8583AE0ED670AF78E5A92139 /* DiskWiseMarkdownText.swift in Sources */ = {isa = PBXBuildFile; fileRef = 21EBCE6D32125F4A901301F0 /* DiskWiseMarkdownText.swift */; };
		885A2A908289EC1695415A01 /* ScanCleanupNotificationService.swift in Sources */ = {isa = PBXBuildFile; fileRef = 5CDB51F50E89238DBF77BCDE /* ScanCleanupNotificationService.swift */; };
		896F6AD480A23BD1277843C2 /* AppSettingsView.swift in Sources */ = {isa = PBXBuildFile; fileRef = 3EAC0147A7FB6FEF4116785C /* AppSettingsView.swift */; };
		89D546CA6DC3E2E8828C9750 /* AppViewModel.swift in Sources */ = {isa = PBXBuildFile; fileRef = A8C3D14FAA0B9E9CF33B5946 /* AppViewModel.swift */; };
		8EA88D4A455BB6985DBB72A9 /* SystemHealthMonitor.swift in Sources */ = {isa = PBXBuildFile; fileRef = DD1DBFAFBE898F19B3B507D5 /* SystemHealthMonitor.swift */; };
		8F048F3CE1F6DDE014892441 /* MemoryAnalyzerMonitor.swift in Sources */ = {isa = PBXBuildFile; fileRef = 16E12E0B51D60F2F32404DC0 /* MemoryAnalyzerMonitor.swift */; };
		904D2F4452D1ED17A947CD64 /* MemoryInsightNotificationService.swift in Sources */ = {isa = PBXBuildFile; fileRef = 9040D8189C7D40E73615348C /* MemoryInsightNotificationService.swift */; };
		90BF69F8C6C7DE991377F87E /* NotificationSettingsView.swift in Sources */ = {isa = PBXBuildFile; fileRef = 0C9C379B2C9182ADB1BEAB44 /* NotificationSettingsView.swift */; };
		9163047ADC6314366674E59B /* StorageBreakdownView.swift in Sources */ = {isa = PBXBuildFile; fileRef = D86CC7AC5168C4BC8A70ABDD /* StorageBreakdownView.swift */; };
		91E4D218C3A7026E8D8F22CA /* MetadataKit in Frameworks */ = {isa = PBXBuildFile; productRef = E118092959DEFDD022BB88EC /* MetadataKit */; };
		92209073A6BDC44A80E30F96 /* FilePreviewSupport.swift in Sources */ = {isa = PBXBuildFile; fileRef = 0B3FF193F8FD5943A2B15FD7 /* FilePreviewSupport.swift */; };
		9384448034396B64ABBF3D19 /* MenuBarHealthScore.swift in Sources */ = {isa = PBXBuildFile; fileRef = 8DE0414EB1623E719F460CAE /* MenuBarHealthScore.swift */; };
		A00A29FB7A9AB8CF36925A53 /* MemoryInsightActionMatcher.swift in Sources */ = {isa = PBXBuildFile; fileRef = FB4C021EC521213A445B557D /* MemoryInsightActionMatcher.swift */; };
		A1E6344A43CABB46455859D5 /* DuplicateKit in Frameworks */ = {isa = PBXBuildFile; productRef = E44897D5C0C445D604A9F3CB /* DuplicateKit */; };
		A8EB01EF6D724668896DB76B /* MemoryIssuePatternsView.swift in Sources */ = {isa = PBXBuildFile; fileRef = B279AA786CF5493C396C6AC4 /* MemoryIssuePatternsView.swift */; };
		AAAAA899D7754707AAD2D90F /* MemoryActionExecutor.swift in Sources */ = {isa = PBXBuildFile; fileRef = F390C5E410CA72074E3A8BE7 /* MemoryActionExecutor.swift */; };
		AD9B75BC6DC71E2F9CF51405 /* MemoryAnalyzerView.swift in Sources */ = {isa = PBXBuildFile; fileRef = B9433A60D26963A1B26DA291 /* MemoryAnalyzerView.swift */; };
		B1CF70C5E32C91E0CB3E2E05 /* SystemStatusView.swift in Sources */ = {isa = PBXBuildFile; fileRef = 64E3813DA348AA12313FC982 /* SystemStatusView.swift */; };
		B7284DB7D37A1021F42F9A6C /* MenuBarMonitorInstructionOverlay.swift in Sources */ = {isa = PBXBuildFile; fileRef = 5691892A76E1A24CE7AAF729 /* MenuBarMonitorInstructionOverlay.swift */; };
		BAC56BC5D44D164A6D1651C3 /* Assets.xcassets in Resources */ = {isa = PBXBuildFile; fileRef = 9604CB761CB34350EFF29978 /* Assets.xcassets */; };
		BC7B15D5B937D14ECD2DC88E /* ScanLogMonitor.swift in Sources */ = {isa = PBXBuildFile; fileRef = 17073AD7FF404926E1B8C231 /* ScanLogMonitor.swift */; };
		BCC178A5B4049531784C13F4 /* MemoryInsightContentView.swift in Sources */ = {isa = PBXBuildFile; fileRef = A1E44A3EA17C6392E5E93BC0 /* MemoryInsightContentView.swift */; };
		BF36D88A5025F7EB71A8CEFA /* DockVisibilityController.swift in Sources */ = {isa = PBXBuildFile; fileRef = DCF61B84FF67A42557A15C53 /* DockVisibilityController.swift */; };
		C0AAFDD1A73DEA203B988C30 /* MemoryInsightChatView.swift in Sources */ = {isa = PBXBuildFile; fileRef = 7651FCF0CBEA357BEBDCFA2D /* MemoryInsightChatView.swift */; };
		C23802B4AAF74663F4B08133 /* VolumeKeepAwakePulse.swift in Sources */ = {isa = PBXBuildFile; fileRef = 27A56F4CF3526711AAE9AE7B /* VolumeKeepAwakePulse.swift */; };
		C61435492234EF4EFEB45B5C /* StatusBadge.swift in Sources */ = {isa = PBXBuildFile; fileRef = 2BF737B0AA3066062F3881A4 /* StatusBadge.swift */; };
		C9D4B856CC4D658C4888B06B /* ActivityLogSheet.swift in Sources */ = {isa = PBXBuildFile; fileRef = 6F9652CCD6DFF89AC365DBCD /* ActivityLogSheet.swift */; };
		D46B15E076D4D79FAA61A9F1 /* DockScanAnimator.swift in Sources */ = {isa = PBXBuildFile; fileRef = BE77E6EAC751129191A39F6D /* DockScanAnimator.swift */; };
		D478BDC337A7D0947D33EFA6 /* SwipeMediaReviewSheet.swift in Sources */ = {isa = PBXBuildFile; fileRef = 7760493B5DEF3FFA17EE6FA7 /* SwipeMediaReviewSheet.swift */; };
		D5DE4AE3045A1E06D326C885 /* PhotosKit in Frameworks */ = {isa = PBXBuildFile; productRef = 703CA2B4203E9D7DB24560D4 /* PhotosKit */; };
		DAB86108A2724D50A153E610 /* SavedScanPromptOverlay.swift in Sources */ = {isa = PBXBuildFile; fileRef = A6C028E81B0947C7D6A69EE9 /* SavedScanPromptOverlay.swift */; };
		DB063CAC7875E4DDC2FE2A9D /* MenuBarMonitorController.swift in Sources */ = {isa = PBXBuildFile; fileRef = 971832F0D34371AD6D227919 /* MenuBarMonitorController.swift */; };
		DB2F64827573061BE7340588 /* Assets.xcassets in Resources */ = {isa = PBXBuildFile; fileRef = 6AE234CF639513398EB9FC39 /* Assets.xcassets */; };
		DD2F2233CFB17ABB37688ACD /* RecommendationReviewSheet.swift in Sources */ = {isa = PBXBuildFile; fileRef = 8D515CF1494436D3A33BC32C /* RecommendationReviewSheet.swift */; };
		DF328D0F13457A5F4FBEE1E8 /* ScanModePromptOverlay.swift in Sources */ = {isa = PBXBuildFile; fileRef = C9B62028DBE2C0E221B5303A /* ScanModePromptOverlay.swift */; };
		E1A2ACAD991ED07FA794BD6A /* VolumeDiskTabView.swift in Sources */ = {isa = PBXBuildFile; fileRef = D4BCD4E96BC002C2E47A8E33 /* VolumeDiskTabView.swift */; };
		E1C624A7270A0BE8EA9B8147 /* IndexRebuildOverlay.swift in Sources */ = {isa = PBXBuildFile; fileRef = A82F3A2475D36769351F8CBC /* IndexRebuildOverlay.swift */; };
		E559D2BF705EE1AB7F9CA4EA /* entitlements.mac.plist in Resources */ = {isa = PBXBuildFile; fileRef = 15BE9BA6642050B89F9552F0 /* entitlements.mac.plist */; };
		E75DF114C65D6030BC78A33F /* ScreenshotOCR.swift in Sources */ = {isa = PBXBuildFile; fileRef = 9C5661941129ED6A72E463D7 /* ScreenshotOCR.swift */; };
		E8EBB3946721C85434EA08EB /* MaintenanceView.swift in Sources */ = {isa = PBXBuildFile; fileRef = 39A19DABD6BC39CB4E077008 /* MaintenanceView.swift */; };
		EB2F4F28688BDD100DBE6D78 /* AppSettings.swift in Sources */ = {isa = PBXBuildFile; fileRef = 6930F12578EC666DA893730C /* AppSettings.swift */; };
		ED5041858F6D1AF22DCE4587 /* DiskScannerKit in Frameworks */ = {isa = PBXBuildFile; productRef = 6953D9217C07B48CB1CA73C9 /* DiskScannerKit */; };
		F07314D38ACD7FE6E5B9D233 /* FullDiskAccessPrompt.swift in Sources */ = {isa = PBXBuildFile; fileRef = D11410D9D78D0C276152F4CE /* FullDiskAccessPrompt.swift */; };
		F4D258718C504E7A6365ADB6 /* DashboardView.swift in Sources */ = {isa = PBXBuildFile; fileRef = 61EB1B1E7AD0267851557FD9 /* DashboardView.swift */; };
		F52F4F28E6F6C876CD253154 /* VolumeScanScheduleStore.swift in Sources */ = {isa = PBXBuildFile; fileRef = D1AD81F965196697F42696E0 /* VolumeScanScheduleStore.swift */; };
		F5CDF3E090F86A36D4708FE1 /* SystemMemoryReliefView.swift in Sources */ = {isa = PBXBuildFile; fileRef = A3F4C97E4FF375B02034BE88 /* SystemMemoryReliefView.swift */; };
		FA5575535E0F00F7409EB33C /* SystemOptimizationView.swift in Sources */ = {isa = PBXBuildFile; fileRef = BBB2B6BB069E423D075EDFE3 /* SystemOptimizationView.swift */; };
		FAB2B6356F46985804A0B25C /* StartupSplashView.swift in Sources */ = {isa = PBXBuildFile; fileRef = 9632663F581782670036F59C /* StartupSplashView.swift */; };
		FACE59C51DED810AEC1F3B65 /* ScanningDockTileView.swift in Sources */ = {isa = PBXBuildFile; fileRef = 238E83EDCC4C147C2BE4E4FB /* ScanningDockTileView.swift */; };
		FC6623E26E2D1FA21EC83507 /* MenuBarExtensionPrompt.swift in Sources */ = {isa = PBXBuildFile; fileRef = CFE4E71E665CB6D42763B928 /* MenuBarExtensionPrompt.swift */; };
		FCE4BBDDC79F3B9E5D5C20E0 /* install_python.sh in Resources */ = {isa = PBXBuildFile; fileRef = B9CA49BFF86E2DE13A0B87F6 /* install_python.sh */; };
		FFF53442731852676DFDD026 /* ScanScheduleTabView.swift in Sources */ = {isa = PBXBuildFile; fileRef = BCA608DC2B32B3460DC11304 /* ScanScheduleTabView.swift */; };
/* End PBXBuildFile section */

/* Begin PBXFileReference section */
		0248BE4E28D22D9282346BDF /* Info.plist */ = {isa = PBXFileReference; lastKnownFileType = text.plist; path = Info.plist; sourceTree = "<group>"; };
		049FE94153CD8C506C36E4B6 /* MemoryIssueHistoryStore.swift */ = {isa = PBXFileReference; lastKnownFileType = sourcecode.swift; path = MemoryIssueHistoryStore.swift; sourceTree = "<group>"; };
		0B3FF193F8FD5943A2B15FD7 /* FilePreviewSupport.swift */ = {isa = PBXFileReference; lastKnownFileType = sourcecode.swift; path = FilePreviewSupport.swift; sourceTree = "<group>"; };
		0C9C379B2C9182ADB1BEAB44 /* NotificationSettingsView.swift */ = {isa = PBXFileReference; lastKnownFileType = sourcecode.swift; path = NotificationSettingsView.swift; sourceTree = "<group>"; };
		15BE9BA6642050B89F9552F0 /* entitlements.mac.plist */ = {isa = PBXFileReference; lastKnownFileType = text.plist; path = entitlements.mac.plist; sourceTree = "<group>"; };
		16E12E0B51D60F2F32404DC0 /* MemoryAnalyzerMonitor.swift */ = {isa = PBXFileReference; lastKnownFileType = sourcecode.swift; path = MemoryAnalyzerMonitor.swift; sourceTree = "<group>"; };
		17073AD7FF404926E1B8C231 /* ScanLogMonitor.swift */ = {isa = PBXFileReference; lastKnownFileType = sourcecode.swift; path = ScanLogMonitor.swift; sourceTree = "<group>"; };
		19CD2D60FCE100FAE2A0E44D /* DiskSpaceNotificationService.swift */ = {isa = PBXFileReference; lastKnownFileType = sourcecode.swift; path = DiskSpaceNotificationService.swift; sourceTree = "<group>"; };
		21EBCE6D32125F4A901301F0 /* DiskWiseMarkdownText.swift */ = {isa = PBXFileReference; lastKnownFileType = sourcecode.swift; path = DiskWiseMarkdownText.swift; sourceTree = "<group>"; };
		238E83EDCC4C147C2BE4E4FB /* ScanningDockTileView.swift */ = {isa = PBXFileReference; lastKnownFileType = sourcecode.swift; path = ScanningDockTileView.swift; sourceTree = "<group>"; };
		2586B364342E5F3E4329CE84 /* RootViews.swift */ = {isa = PBXFileReference; lastKnownFileType = sourcecode.swift; path = RootViews.swift; sourceTree = "<group>"; };
		27A56F4CF3526711AAE9AE7B /* VolumeKeepAwakePulse.swift */ = {isa = PBXFileReference; lastKnownFileType = sourcecode.swift; path = VolumeKeepAwakePulse.swift; sourceTree = "<group>"; };
		2993D6F3C7272135BAABB652 /* ChatMessageFormatter.swift */ = {isa = PBXFileReference; lastKnownFileType = sourcecode.swift; path = ChatMessageFormatter.swift; sourceTree = "<group>"; };
		2BF737B0AA3066062F3881A4 /* StatusBadge.swift */ = {isa = PBXFileReference; lastKnownFileType = sourcecode.swift; path = StatusBadge.swift; sourceTree = "<group>"; };
		2D1F08103579C30093C9CA6F /* MenuBarDiskMonitor.swift */ = {isa = PBXFileReference; lastKnownFileType = sourcecode.swift; path = MenuBarDiskMonitor.swift; sourceTree = "<group>"; };
		2E30FF6113D3127900B3CC7D /* DuplicateGroupReviewSheet.swift */ = {isa = PBXFileReference; lastKnownFileType = sourcecode.swift; path = DuplicateGroupReviewSheet.swift; sourceTree = "<group>"; };
		39A19DABD6BC39CB4E077008 /* MaintenanceView.swift */ = {isa = PBXFileReference; lastKnownFileType = sourcecode.swift; path = MaintenanceView.swift; sourceTree = "<group>"; };
		3EAC0147A7FB6FEF4116785C /* AppSettingsView.swift */ = {isa = PBXFileReference; lastKnownFileType = sourcecode.swift; path = AppSettingsView.swift; sourceTree = "<group>"; };
		41738F52625CC6311842BB5E /* AppViewModel.swift */ = {isa = PBXFileReference; lastKnownFileType = sourcecode.swift; path = AppViewModel.swift; sourceTree = "<group>"; };
		47192B19910D5284C7458EAB /* ScanScheduleService.swift */ = {isa = PBXFileReference; lastKnownFileType = sourcecode.swift; path = ScanScheduleService.swift; sourceTree = "<group>"; };
		4D54BBDE3B8DB29184E8266D /* StartupAppsView.swift */ = {isa = PBXFileReference; lastKnownFileType = sourcecode.swift; path = StartupAppsView.swift; sourceTree = "<group>"; };
		509EE339B1513BEBFCE6FF2F /* MediaPreviewView.swift */ = {isa = PBXFileReference; lastKnownFileType = sourcecode.swift; path = MediaPreviewView.swift; sourceTree = "<group>"; };
		5691892A76E1A24CE7AAF729 /* MenuBarMonitorInstructionOverlay.swift */ = {isa = PBXFileReference; lastKnownFileType = sourcecode.swift; path = MenuBarMonitorInstructionOverlay.swift; sourceTree = "<group>"; };
		57AABB29DD65A9BDEEAF5208 /* KeepAwakeController.swift */ = {isa = PBXFileReference; lastKnownFileType = sourcecode.swift; path = KeepAwakeController.swift; sourceTree = "<group>"; };
		57BB2C32DA1EC6AD699DBDBD /* ActivityLog.swift */ = {isa = PBXFileReference; lastKnownFileType = sourcecode.swift; path = ActivityLog.swift; sourceTree = "<group>"; };
		5CDB51F50E89238DBF77BCDE /* ScanCleanupNotificationService.swift */ = {isa = PBXFileReference; lastKnownFileType = sourcecode.swift; path = ScanCleanupNotificationService.swift; sourceTree = "<group>"; };
		61EB1B1E7AD0267851557FD9 /* DashboardView.swift */ = {isa = PBXFileReference; lastKnownFileType = sourcecode.swift; path = DashboardView.swift; sourceTree = "<group>"; };
		64E3813DA348AA12313FC982 /* SystemStatusView.swift */ = {isa = PBXFileReference; lastKnownFileType = sourcecode.swift; path = SystemStatusView.swift; sourceTree = "<group>"; };
		6930F12578EC666DA893730C /* AppSettings.swift */ = {isa = PBXFileReference; lastKnownFileType = sourcecode.swift; path = AppSettings.swift; sourceTree = "<group>"; };
		6AE234CF639513398EB9FC39 /* Assets.xcassets */ = {isa = PBXFileReference; lastKnownFileType = folder.assetcatalog; path = Assets.xcassets; sourceTree = "<group>"; };
		6F9652CCD6DFF89AC365DBCD /* ActivityLogSheet.swift */ = {isa = PBXFileReference; lastKnownFileType = sourcecode.swift; path = ActivityLogSheet.swift; sourceTree = "<group>"; };
		7606C2E2E0391264171C1F55 /* MainScreens.swift */ = {isa = PBXFileReference; lastKnownFileType = sourcecode.swift; path = MainScreens.swift; sourceTree = "<group>"; };
		7651FCF0CBEA357BEBDCFA2D /* MemoryInsightChatView.swift */ = {isa = PBXFileReference; lastKnownFileType = sourcecode.swift; path = MemoryInsightChatView.swift; sourceTree = "<group>"; };
		76ED03BAAE940F4C16AD1632 /* DiskWiseiOSApp.swift */ = {isa = PBXFileReference; lastKnownFileType = sourcecode.swift; path = DiskWiseiOSApp.swift; sourceTree = "<group>"; };
		7760493B5DEF3FFA17EE6FA7 /* SwipeMediaReviewSheet.swift */ = {isa = PBXFileReference; lastKnownFileType = sourcecode.swift; path = SwipeMediaReviewSheet.swift; sourceTree = "<group>"; };
		7F2C213738FE643532C9DFFF /* MenuBarPopoverSession.swift */ = {isa = PBXFileReference; lastKnownFileType = sourcecode.swift; path = MenuBarPopoverSession.swift; sourceTree = "<group>"; };
		7F81B798B01741C082A6B559 /* diskwise-macos */ = {isa = PBXFileReference; lastKnownFileType = folder; name = "diskwise-macos"; path = ..; sourceTree = SOURCE_ROOT; };
		7F95E82B6008C61D7A885B07 /* SparkleUpdater.swift */ = {isa = PBXFileReference; lastKnownFileType = sourcecode.swift; path = SparkleUpdater.swift; sourceTree = "<group>"; };
		830171A9EC86B8C250DC27EF /* NotificationThresholdSettings.swift */ = {isa = PBXFileReference; lastKnownFileType = sourcecode.swift; path = NotificationThresholdSettings.swift; sourceTree = "<group>"; };
		831704D62E5020E6E4F2219B /* ScanProgressPoller.swift */ = {isa = PBXFileReference; lastKnownFileType = sourcecode.swift; path = ScanProgressPoller.swift; sourceTree = "<group>"; };
		894ADEF97DF74C5A2CC2FB56 /* ScanActivityMonitor.swift */ = {isa = PBXFileReference; lastKnownFileType = sourcecode.swift; path = ScanActivityMonitor.swift; sourceTree = "<group>"; };
		8D515CF1494436D3A33BC32C /* RecommendationReviewSheet.swift */ = {isa = PBXFileReference; lastKnownFileType = sourcecode.swift; path = RecommendationReviewSheet.swift; sourceTree = "<group>"; };
		8DE0414EB1623E719F460CAE /* MenuBarHealthScore.swift */ = {isa = PBXFileReference; lastKnownFileType = sourcecode.swift; path = MenuBarHealthScore.swift; sourceTree = "<group>"; };
		9040D8189C7D40E73615348C /* MemoryInsightNotificationService.swift */ = {isa = PBXFileReference; lastKnownFileType = sourcecode.swift; path = MemoryInsightNotificationService.swift; sourceTree = "<group>"; };
		9114F02E4896ADB4B6CEFFD1 /* Localizable.xcstrings */ = {isa = PBXFileReference; lastKnownFileType = text.json.xcstrings; path = Localizable.xcstrings; sourceTree = "<group>"; };
		950473F382728BB7A8C75C98 /* LaunchSnapshotStore.swift */ = {isa = PBXFileReference; lastKnownFileType = sourcecode.swift; path = LaunchSnapshotStore.swift; sourceTree = "<group>"; };
		955E6302377D998824A2996E /* DiskWiseApp.swift */ = {isa = PBXFileReference; lastKnownFileType = sourcecode.swift; path = DiskWiseApp.swift; sourceTree = "<group>"; };
		9604CB761CB34350EFF29978 /* Assets.xcassets */ = {isa = PBXFileReference; lastKnownFileType = folder.assetcatalog; path = Assets.xcassets; sourceTree = "<group>"; };
		9632663F581782670036F59C /* StartupSplashView.swift */ = {isa = PBXFileReference; lastKnownFileType = sourcecode.swift; path = StartupSplashView.swift; sourceTree = "<group>"; };
		971832F0D34371AD6D227919 /* MenuBarMonitorController.swift */ = {isa = PBXFileReference; lastKnownFileType = sourcecode.swift; path = MenuBarMonitorController.swift; sourceTree = "<group>"; };
		98EFAE1062F153FAFA7B0D8A /* AboutView.swift */ = {isa = PBXFileReference; lastKnownFileType = sourcecode.swift; path = AboutView.swift; sourceTree = "<group>"; };
		9C5661941129ED6A72E463D7 /* ScreenshotOCR.swift */ = {isa = PBXFileReference; lastKnownFileType = sourcecode.swift; path = ScreenshotOCR.swift; sourceTree = "<group>"; };
		A1E44A3EA17C6392E5E93BC0 /* MemoryInsightContentView.swift */ = {isa = PBXFileReference; lastKnownFileType = sourcecode.swift; path = MemoryInsightContentView.swift; sourceTree = "<group>"; };
		A3F4C97E4FF375B02034BE88 /* SystemMemoryReliefView.swift */ = {isa = PBXFileReference; lastKnownFileType = sourcecode.swift; path = SystemMemoryReliefView.swift; sourceTree = "<group>"; };
		A6C028E81B0947C7D6A69EE9 /* SavedScanPromptOverlay.swift */ = {isa = PBXFileReference; lastKnownFileType = sourcecode.swift; path = SavedScanPromptOverlay.swift; sourceTree = "<group>"; };
		A82F3A2475D36769351F8CBC /* IndexRebuildOverlay.swift */ = {isa = PBXFileReference; lastKnownFileType = sourcecode.swift; path = IndexRebuildOverlay.swift; sourceTree = "<group>"; };
		A8C3D14FAA0B9E9CF33B5946 /* AppViewModel.swift */ = {isa = PBXFileReference; lastKnownFileType = sourcecode.swift; path = AppViewModel.swift; sourceTree = "<group>"; };
		A95089E8F90EA78BED11A5C4 /* PhotoThumbnailView.swift */ = {isa = PBXFileReference; lastKnownFileType = sourcecode.swift; path = PhotoThumbnailView.swift; sourceTree = "<group>"; };
		A9F503999EF5B8D256503AAB /* PythonSetupPrompt.swift */ = {isa = PBXFileReference; lastKnownFileType = sourcecode.swift; path = PythonSetupPrompt.swift; sourceTree = "<group>"; };
		AEA7510719FC9D71F899D3F2 /* StartupAppsMonitor.swift */ = {isa = PBXFileReference; lastKnownFileType = sourcecode.swift; path = StartupAppsMonitor.swift; sourceTree = "<group>"; };
		B21446A4062305538747C91B /* DiskWise.app */ = {isa = PBXFileReference; explicitFileType = wrapper.application; includeInIndex = 0; path = DiskWise.app; sourceTree = BUILT_PRODUCTS_DIR; };
		B279AA786CF5493C396C6AC4 /* MemoryIssuePatternsView.swift */ = {isa = PBXFileReference; lastKnownFileType = sourcecode.swift; path = MemoryIssuePatternsView.swift; sourceTree = "<group>"; };
		B9433A60D26963A1B26DA291 /* MemoryAnalyzerView.swift */ = {isa = PBXFileReference; lastKnownFileType = sourcecode.swift; path = MemoryAnalyzerView.swift; sourceTree = "<group>"; };
		B9CA49BFF86E2DE13A0B87F6 /* install_python.sh */ = {isa = PBXFileReference; lastKnownFileType = text.script.sh; path = install_python.sh; sourceTree = "<group>"; };
		BAEC7145766F553BED663558 /* SystemHealthNotificationService.swift */ = {isa = PBXFileReference; lastKnownFileType = sourcecode.swift; path = SystemHealthNotificationService.swift; sourceTree = "<group>"; };
		BBB2B6BB069E423D075EDFE3 /* SystemOptimizationView.swift */ = {isa = PBXFileReference; lastKnownFileType = sourcecode.swift; path = SystemOptimizationView.swift; sourceTree = "<group>"; };
		BCA608DC2B32B3460DC11304 /* ScanScheduleTabView.swift */ = {isa = PBXFileReference; lastKnownFileType = sourcecode.swift; path = ScanScheduleTabView.swift; sourceTree = "<group>"; };
		BE77E6EAC751129191A39F6D /* DockScanAnimator.swift */ = {isa = PBXFileReference; lastKnownFileType = sourcecode.swift; path = DockScanAnimator.swift; sourceTree = "<group>"; };
		C27E95DFD0F9841389B35E2F /* diskwise_scan.py */ = {isa = PBXFileReference; lastKnownFileType = text.script.python; path = diskwise_scan.py; sourceTree = "<group>"; };
		C9B62028DBE2C0E221B5303A /* ScanModePromptOverlay.swift */ = {isa = PBXFileReference; lastKnownFileType = sourcecode.swift; path = ScanModePromptOverlay.swift; sourceTree = "<group>"; };
		C9E316E27DEF5E4C1E026BF3 /* DiskWiseiOS.app */ = {isa = PBXFileReference; includeInIndex = 0; lastKnownFileType = wrapper.application; path = DiskWiseiOS.app; sourceTree = BUILT_PRODUCTS_DIR; };
		CFE4E71E665CB6D42763B928 /* MenuBarExtensionPrompt.swift */ = {isa = PBXFileReference; lastKnownFileType = sourcecode.swift; path = MenuBarExtensionPrompt.swift; sourceTree = "<group>"; };
		D11410D9D78D0C276152F4CE /* FullDiskAccessPrompt.swift */ = {isa = PBXFileReference; lastKnownFileType = sourcecode.swift; path = FullDiskAccessPrompt.swift; sourceTree = "<group>"; };
		D1AD81F965196697F42696E0 /* VolumeScanScheduleStore.swift */ = {isa = PBXFileReference; lastKnownFileType = sourcecode.swift; path = VolumeScanScheduleStore.swift; sourceTree = "<group>"; };
		D4BCD4E96BC002C2E47A8E33 /* VolumeDiskTabView.swift */ = {isa = PBXFileReference; lastKnownFileType = sourcecode.swift; path = VolumeDiskTabView.swift; sourceTree = "<group>"; };
		D86CC7AC5168C4BC8A70ABDD /* StorageBreakdownView.swift */ = {isa = PBXFileReference; lastKnownFileType = sourcecode.swift; path = StorageBreakdownView.swift; sourceTree = "<group>"; };
		DB541EF7FCA4D4A09F925A52 /* ScanHistoryTabView.swift */ = {isa = PBXFileReference; lastKnownFileType = sourcecode.swift; path = ScanHistoryTabView.swift; sourceTree = "<group>"; };
		DCF61B84FF67A42557A15C53 /* DockVisibilityController.swift */ = {isa = PBXFileReference; lastKnownFileType = sourcecode.swift; path = DockVisibilityController.swift; sourceTree = "<group>"; };
		DD1DBFAFBE898F19B3B507D5 /* SystemHealthMonitor.swift */ = {isa = PBXFileReference; lastKnownFileType = sourcecode.swift; path = SystemHealthMonitor.swift; sourceTree = "<group>"; };
		F1FC1DF0971CB5B4441676DB /* Info.plist */ = {isa = PBXFileReference; lastKnownFileType = text.plist; path = Info.plist; sourceTree = "<group>"; };
		F390C5E410CA72074E3A8BE7 /* MemoryActionExecutor.swift */ = {isa = PBXFileReference; lastKnownFileType = sourcecode.swift; path = MemoryActionExecutor.swift; sourceTree = "<group>"; };
		F9360EC36C59D568DEE4B034 /* WhatsNewTourView.swift */ = {isa = PBXFileReference; lastKnownFileType = sourcecode.swift; path = WhatsNewTourView.swift; sourceTree = "<group>"; };
		FB4C021EC521213A445B557D /* MemoryInsightActionMatcher.swift */ = {isa = PBXFileReference; lastKnownFileType = sourcecode.swift; path = MemoryInsightActionMatcher.swift; sourceTree = "<group>"; };
		FF84008C7D0F508E5B8F5851 /* StorageCleanupInsightsSection.swift */ = {isa = PBXFileReference; lastKnownFileType = sourcecode.swift; path = StorageCleanupInsightsSection.swift; sourceTree = "<group>"; };
/* End PBXFileReference section */

/* Begin PBXFrameworksBuildPhase section */
		53BE0238EFCC3D54112D48FA /* Frameworks */ = {
			isa = PBXFrameworksBuildPhase;
			buildActionMask = 2147483647;
			files = (
				2A5FFCD2AAE4999E1A451013 /* Sparkle in Frameworks */,
				12181882218C57B9CAC4A122 /* DatabaseKit in Frameworks */,
				ED5041858F6D1AF22DCE4587 /* DiskScannerKit in Frameworks */,
				91E4D218C3A7026E8D8F22CA /* MetadataKit in Frameworks */,
				A1E6344A43CABB46455859D5 /* DuplicateKit in Frameworks */,
				4EF9EF0F2E65F2CA9C42005F /* CleanupKit in Frameworks */,
				4709F41AF9D9E5ED27E3018D /* AIKit in Frameworks */,
				4C976DB4F4092E15A26DB267 /* MaintenanceKit in Frameworks */,
			);
			runOnlyForDeploymentPostprocessing = 0;
		};
		EEB8EB1C93A67ADB04A47AF1 /* Frameworks */ = {
			isa = PBXFrameworksBuildPhase;
			buildActionMask = 2147483647;
			files = (
				D5DE4AE3045A1E06D326C885 /* PhotosKit in Frameworks */,
			);
			runOnlyForDeploymentPostprocessing = 0;
		};
/* End PBXFrameworksBuildPhase section */

/* Begin PBXGroup section */
		286FB932718A601D012C3FFC /* DiskWiseiOS */ = {
			isa = PBXGroup;
			children = (
				A8C3D14FAA0B9E9CF33B5946 /* AppViewModel.swift */,
				6AE234CF639513398EB9FC39 /* Assets.xcassets */,
				76ED03BAAE940F4C16AD1632 /* DiskWiseiOSApp.swift */,
				0248BE4E28D22D9282346BDF /* Info.plist */,
				9114F02E4896ADB4B6CEFFD1 /* Localizable.xcstrings */,
				9C5661941129ED6A72E463D7 /* ScreenshotOCR.swift */,
				8F18AEB4C976BBF2D27C90A7 /* Views */,
			);
			path = DiskWiseiOS;
			sourceTree = "<group>";
		};
		38BFC87A9D81486999816479 /* Services */ = {
			isa = PBXGroup;
			children = (
				2993D6F3C7272135BAABB652 /* ChatMessageFormatter.swift */,
				19CD2D60FCE100FAE2A0E44D /* DiskSpaceNotificationService.swift */,
				BE77E6EAC751129191A39F6D /* DockScanAnimator.swift */,
				DCF61B84FF67A42557A15C53 /* DockVisibilityController.swift */,
				57AABB29DD65A9BDEEAF5208 /* KeepAwakeController.swift */,
				950473F382728BB7A8C75C98 /* LaunchSnapshotStore.swift */,
				F390C5E410CA72074E3A8BE7 /* MemoryActionExecutor.swift */,
				16E12E0B51D60F2F32404DC0 /* MemoryAnalyzerMonitor.swift */,
				FB4C021EC521213A445B557D /* MemoryInsightActionMatcher.swift */,
				9040D8189C7D40E73615348C /* MemoryInsightNotificationService.swift */,
				049FE94153CD8C506C36E4B6 /* MemoryIssueHistoryStore.swift */,
				CFE4E71E665CB6D42763B928 /* MenuBarExtensionPrompt.swift */,
				971832F0D34371AD6D227919 /* MenuBarMonitorController.swift */,
				894ADEF97DF74C5A2CC2FB56 /* ScanActivityMonitor.swift */,
				5CDB51F50E89238DBF77BCDE /* ScanCleanupNotificationService.swift */,
				17073AD7FF404926E1B8C231 /* ScanLogMonitor.swift */,
				238E83EDCC4C147C2BE4E4FB /* ScanningDockTileView.swift */,
				831704D62E5020E6E4F2219B /* ScanProgressPoller.swift */,
				47192B19910D5284C7458EAB /* ScanScheduleService.swift */,
				AEA7510719FC9D71F899D3F2 /* StartupAppsMonitor.swift */,
				DD1DBFAFBE898F19B3B507D5 /* SystemHealthMonitor.swift */,
				BAEC7145766F553BED663558 /* SystemHealthNotificationService.swift */,
				27A56F4CF3526711AAE9AE7B /* VolumeKeepAwakePulse.swift */,
				D1AD81F965196697F42696E0 /* VolumeScanScheduleStore.swift */,
			);
			path = Services;
			sourceTree = "<group>";
		};
		8F18AEB4C976BBF2D27C90A7 /* Views */ = {
			isa = PBXGroup;
			children = (
				509EE339B1513BEBFCE6FF2F /* MediaPreviewView.swift */,
				A95089E8F90EA78BED11A5C4 /* PhotoThumbnailView.swift */,
				2586B364342E5F3E4329CE84 /* RootViews.swift */,
			);
			path = Views;
			sourceTree = "<group>";
		};
		A69AF2FE980B6111B2115F4B /* Products */ = {
			isa = PBXGroup;
			children = (
				B21446A4062305538747C91B /* DiskWise.app */,
				C9E316E27DEF5E4C1E026BF3 /* DiskWiseiOS.app */,
			);
			name = Products;
			sourceTree = "<group>";
		};
		B630F195ED8CCA0F2FD7D0B1 /* Scanner */ = {
			isa = PBXGroup;
			children = (
				C27E95DFD0F9841389B35E2F /* diskwise_scan.py */,
				B9CA49BFF86E2DE13A0B87F6 /* install_python.sh */,
			);
			path = Scanner;
			sourceTree = "<group>";
		};
		C3A4B002792C3C6BBF96728A = {
			isa = PBXGroup;
			children = (
				ECFC4A48D6413A572E804BFB /* DiskWise */,
				286FB932718A601D012C3FFC /* DiskWiseiOS */,
				FD3041CF18E97593743F91FD /* Packages */,
				A69AF2FE980B6111B2115F4B /* Products */,
			);
			sourceTree = "<group>";
		};
		C3F7346C874B2199BE15D7F5 /* Resources */ = {
			isa = PBXGroup;
			children = (
				B630F195ED8CCA0F2FD7D0B1 /* Scanner */,
			);
			path = Resources;
			sourceTree = "<group>";
		};
		C9453DAD43B73221B0F7A838 /* Components */ = {
			isa = PBXGroup;
			children = (
				98EFAE1062F153FAFA7B0D8A /* AboutView.swift */,
				6F9652CCD6DFF89AC365DBCD /* ActivityLogSheet.swift */,
				3EAC0147A7FB6FEF4116785C /* AppSettingsView.swift */,
				61EB1B1E7AD0267851557FD9 /* DashboardView.swift */,
				21EBCE6D32125F4A901301F0 /* DiskWiseMarkdownText.swift */,
				2E30FF6113D3127900B3CC7D /* DuplicateGroupReviewSheet.swift */,
				0B3FF193F8FD5943A2B15FD7 /* FilePreviewSupport.swift */,
				D11410D9D78D0C276152F4CE /* FullDiskAccessPrompt.swift */,
				A82F3A2475D36769351F8CBC /* IndexRebuildOverlay.swift */,
				39A19DABD6BC39CB4E077008 /* MaintenanceView.swift */,
				B9433A60D26963A1B26DA291 /* MemoryAnalyzerView.swift */,
				7651FCF0CBEA357BEBDCFA2D /* MemoryInsightChatView.swift */,
				A1E44A3EA17C6392E5E93BC0 /* MemoryInsightContentView.swift */,
				B279AA786CF5493C396C6AC4 /* MemoryIssuePatternsView.swift */,
				2D1F08103579C30093C9CA6F /* MenuBarDiskMonitor.swift */,
				8DE0414EB1623E719F460CAE /* MenuBarHealthScore.swift */,
				5691892A76E1A24CE7AAF729 /* MenuBarMonitorInstructionOverlay.swift */,
				7F2C213738FE643532C9DFFF /* MenuBarPopoverSession.swift */,
				0C9C379B2C9182ADB1BEAB44 /* NotificationSettingsView.swift */,
				A9F503999EF5B8D256503AAB /* PythonSetupPrompt.swift */,
				8D515CF1494436D3A33BC32C /* RecommendationReviewSheet.swift */,
				A6C028E81B0947C7D6A69EE9 /* SavedScanPromptOverlay.swift */,
				DB541EF7FCA4D4A09F925A52 /* ScanHistoryTabView.swift */,
				C9B62028DBE2C0E221B5303A /* ScanModePromptOverlay.swift */,
				BCA608DC2B32B3460DC11304 /* ScanScheduleTabView.swift */,
				4D54BBDE3B8DB29184E8266D /* StartupAppsView.swift */,
				9632663F581782670036F59C /* StartupSplashView.swift */,
				2BF737B0AA3066062F3881A4 /* StatusBadge.swift */,
				D86CC7AC5168C4BC8A70ABDD /* StorageBreakdownView.swift */,
				FF84008C7D0F508E5B8F5851 /* StorageCleanupInsightsSection.swift */,
				7760493B5DEF3FFA17EE6FA7 /* SwipeMediaReviewSheet.swift */,
				A3F4C97E4FF375B02034BE88 /* SystemMemoryReliefView.swift */,
				BBB2B6BB069E423D075EDFE3 /* SystemOptimizationView.swift */,
				64E3813DA348AA12313FC982 /* SystemStatusView.swift */,
				D4BCD4E96BC002C2E47A8E33 /* VolumeDiskTabView.swift */,
				F9360EC36C59D568DEE4B034 /* WhatsNewTourView.swift */,
			);
			path = Components;
			sourceTree = "<group>";
		};
		ECFC4A48D6413A572E804BFB /* DiskWise */ = {
			isa = PBXGroup;
			children = (
				57BB2C32DA1EC6AD699DBDBD /* ActivityLog.swift */,
				6930F12578EC666DA893730C /* AppSettings.swift */,
				41738F52625CC6311842BB5E /* AppViewModel.swift */,
				9604CB761CB34350EFF29978 /* Assets.xcassets */,
				955E6302377D998824A2996E /* DiskWiseApp.swift */,
				15BE9BA6642050B89F9552F0 /* entitlements.mac.plist */,
				F1FC1DF0971CB5B4441676DB /* Info.plist */,
				830171A9EC86B8C250DC27EF /* NotificationThresholdSettings.swift */,
				7F95E82B6008C61D7A885B07 /* SparkleUpdater.swift */,
				C9453DAD43B73221B0F7A838 /* Components */,
				C3F7346C874B2199BE15D7F5 /* Resources */,
				F4DA758B64652374311F9BD9 /* Screens */,
				38BFC87A9D81486999816479 /* Services */,
			);
			path = DiskWise;
			sourceTree = "<group>";
		};
		F4DA758B64652374311F9BD9 /* Screens */ = {
			isa = PBXGroup;
			children = (
				7606C2E2E0391264171C1F55 /* MainScreens.swift */,
			);
			path = Screens;
			sourceTree = "<group>";
		};
		FD3041CF18E97593743F91FD /* Packages */ = {
			isa = PBXGroup;
			children = (
				7F81B798B01741C082A6B559 /* diskwise-macos */,
			);
			name = Packages;
			sourceTree = "<group>";
		};
/* End PBXGroup section */

/* Begin PBXNativeTarget section */
		A4B3D9367F1A7D327EB7CE34 /* DiskWise */ = {
			isa = PBXNativeTarget;
			buildConfigurationList = 173D6AD5DEF7EF6F96D36FA9 /* Build configuration list for PBXNativeTarget "DiskWise" */;
			buildPhases = (
				D9BDD155766662C81C1FB835 /* Sync Release Notes */,
				6C5768CBE3E569CC501A7EF1 /* Sources */,
				82AEB93B51E839E2C6A572C8 /* Resources */,
				53BE0238EFCC3D54112D48FA /* Frameworks */,
				BC923289362F1C6891C4B3ED /* Bundle Release Notes */,
			);
			buildRules = (
			);
			dependencies = (
			);
			name = DiskWise;
			packageProductDependencies = (
				CA8CA1FCB359C47B036826D8 /* Sparkle */,
				603D826F44FE9A518C0D3BDD /* DatabaseKit */,
				6953D9217C07B48CB1CA73C9 /* DiskScannerKit */,
				E118092959DEFDD022BB88EC /* MetadataKit */,
				E44897D5C0C445D604A9F3CB /* DuplicateKit */,
				873697E510808232A5864DDB /* CleanupKit */,
				268149F6EA534326414CF175 /* AIKit */,
				9FEE827C95850FDD3406ADA0 /* MaintenanceKit */,
			);
			productName = DiskWise;
			productReference = B21446A4062305538747C91B /* DiskWise.app */;
			productType = "com.apple.product-type.application";
		};
		F6A13FE32AF7A196C0DE4053 /* DiskWiseiOS */ = {
			isa = PBXNativeTarget;
			buildConfigurationList = 976E0F156BBF2071233D3D19 /* Build configuration list for PBXNativeTarget "DiskWiseiOS" */;
			buildPhases = (
				B9B8C855498B279DA701EA26 /* Sources */,
				8130B7DBD1F0F9B9A87F75A3 /* Resources */,
				EEB8EB1C93A67ADB04A47AF1 /* Frameworks */,
			);
			buildRules = (
			);
			dependencies = (
			);
			name = DiskWiseiOS;
			packageProductDependencies = (
				703CA2B4203E9D7DB24560D4 /* PhotosKit */,
			);
			productName = DiskWiseiOS;
			productReference = C9E316E27DEF5E4C1E026BF3 /* DiskWiseiOS.app */;
			productType = "com.apple.product-type.application";
		};
/* End PBXNativeTarget section */

/* Begin PBXProject section */
		9D0B6F27C1D11C4D3019F3DF /* Project object */ = {
			isa = PBXProject;
			attributes = {
				BuildIndependentTargetsInParallel = YES;
				LastUpgradeCheck = 1430;
				TargetAttributes = {
					A4B3D9367F1A7D327EB7CE34 = {
						ProvisioningStyle = Automatic;
					};
					F6A13FE32AF7A196C0DE4053 = {
						DevelopmentTeam = Q3TXW887NM;
						ProvisioningStyle = Automatic;
					};
				};
			};
			buildConfigurationList = 48FA90ACEC13655543260150 /* Build configuration list for PBXProject "DiskWise" */;
			developmentRegion = en;
			hasScannedForEncodings = 0;
			knownRegions = (
				Base,
				en,
				id,
			);
			mainGroup = C3A4B002792C3C6BBF96728A;
			minimizedProjectReferenceProxies = 1;
			packageReferences = (
				6F3E9731E016488329F904E5 /* XCRemoteSwiftPackageReference "Sparkle" */,
				1AE79EFD7BFAC135785E9648 /* XCLocalSwiftPackageReference ".." */,
			);
			preferredProjectObjectVersion = 77;
			productRefGroup = A69AF2FE980B6111B2115F4B /* Products */;
			projectDirPath = "";
			projectRoot = "";
			targets = (
				A4B3D9367F1A7D327EB7CE34 /* DiskWise */,
				F6A13FE32AF7A196C0DE4053 /* DiskWiseiOS */,
			);
		};
/* End PBXProject section */

/* Begin PBXResourcesBuildPhase section */
		8130B7DBD1F0F9B9A87F75A3 /* Resources */ = {
			isa = PBXResourcesBuildPhase;
			buildActionMask = 2147483647;
			files = (
				DB2F64827573061BE7340588 /* Assets.xcassets in Resources */,
				1EE25D57381C05F2DBFB4A95 /* Localizable.xcstrings in Resources */,
			);
			runOnlyForDeploymentPostprocessing = 0;
		};
		82AEB93B51E839E2C6A572C8 /* Resources */ = {
			isa = PBXResourcesBuildPhase;
			buildActionMask = 2147483647;
			files = (
				BAC56BC5D44D164A6D1651C3 /* Assets.xcassets in Resources */,
				7F3FA96EA3B2337449CD40D0 /* diskwise_scan.py in Resources */,
				E559D2BF705EE1AB7F9CA4EA /* entitlements.mac.plist in Resources */,
				FCE4BBDDC79F3B9E5D5C20E0 /* install_python.sh in Resources */,
			);
			runOnlyForDeploymentPostprocessing = 0;
		};
/* End PBXResourcesBuildPhase section */

/* Begin PBXShellScriptBuildPhase section */
		BC923289362F1C6891C4B3ED /* Bundle Release Notes */ = {
			isa = PBXShellScriptBuildPhase;
			alwaysOutOfDate = 1;
			buildActionMask = 2147483647;
			files = (
			);
			inputFileListPaths = (
			);
			inputPaths = (
			);
			name = "Bundle Release Notes";
			outputFileListPaths = (
			);
			outputPaths = (
			);
			runOnlyForDeploymentPostprocessing = 0;
			shellPath = /bin/sh;
			shellScript = "DEST=\"${TARGET_BUILD_DIR}/${UNLOCALIZED_RESOURCES_FOLDER_PATH}\"\nmkdir -p \"$DEST\"\nrsync -a \"${SRCROOT}/../release-notes/\"*.json \"$DEST/\"\n";
		};
		D9BDD155766662C81C1FB835 /* Sync Release Notes */ = {
			isa = PBXShellScriptBuildPhase;
			alwaysOutOfDate = 1;
			buildActionMask = 2147483647;
			files = (
			);
			inputFileListPaths = (
			);
			inputPaths = (
			);
			name = "Sync Release Notes";
			outputFileListPaths = (
			);
			outputPaths = (
			);
			runOnlyForDeploymentPostprocessing = 0;
			shellPath = /bin/sh;
			shellScript = "mkdir -p \"${SRCROOT}/DiskWise/Resources/release-notes\"\nrsync -a --delete \"${SRCROOT}/../release-notes/\" \"${SRCROOT}/DiskWise/Resources/release-notes/\"\n";
		};
/* End PBXShellScriptBuildPhase section */

/* Begin PBXSourcesBuildPhase section */
		6C5768CBE3E569CC501A7EF1 /* Sources */ = {
			isa = PBXSourcesBuildPhase;
			buildActionMask = 2147483647;
			files = (
				68EAF0F0D832F829DC54A2EC /* AboutView.swift in Sources */,
				75E2033E8389AC2CF2A55666 /* ActivityLog.swift in Sources */,
				C9D4B856CC4D658C4888B06B /* ActivityLogSheet.swift in Sources */,
				EB2F4F28688BDD100DBE6D78 /* AppSettings.swift in Sources */,
				896F6AD480A23BD1277843C2 /* AppSettingsView.swift in Sources */,
				36DBFBCADADF9C0C5B4BA080 /* AppViewModel.swift in Sources */,
				010C8B0BDC4104CD1535A722 /* ChatMessageFormatter.swift in Sources */,
				F4D258718C504E7A6365ADB6 /* DashboardView.swift in Sources */,
				3C7DED24BCCE52F43DA8E8C6 /* DiskSpaceNotificationService.swift in Sources */,
				2791E28A3F889BE0CA5591A3 /* DiskWiseApp.swift in Sources */,
				8583AE0ED670AF78E5A92139 /* DiskWiseMarkdownText.swift in Sources */,
				D46B15E076D4D79FAA61A9F1 /* DockScanAnimator.swift in Sources */,
				BF36D88A5025F7EB71A8CEFA /* DockVisibilityController.swift in Sources */,
				5D7A79F7F124D32BF1D5BAF9 /* DuplicateGroupReviewSheet.swift in Sources */,
				92209073A6BDC44A80E30F96 /* FilePreviewSupport.swift in Sources */,
				F07314D38ACD7FE6E5B9D233 /* FullDiskAccessPrompt.swift in Sources */,
				E1C624A7270A0BE8EA9B8147 /* IndexRebuildOverlay.swift in Sources */,
				1CD543F02D09EA6CAE866DED /* KeepAwakeController.swift in Sources */,
				00F1E36FDE8C30DA106DBCB3 /* LaunchSnapshotStore.swift in Sources */,
				6364632C8485413073CA9BB3 /* MainScreens.swift in Sources */,
				E8EBB3946721C85434EA08EB /* MaintenanceView.swift in Sources */,
				AAAAA899D7754707AAD2D90F /* MemoryActionExecutor.swift in Sources */,
				8F048F3CE1F6DDE014892441 /* MemoryAnalyzerMonitor.swift in Sources */,
				AD9B75BC6DC71E2F9CF51405 /* MemoryAnalyzerView.swift in Sources */,
				A00A29FB7A9AB8CF36925A53 /* MemoryInsightActionMatcher.swift in Sources */,
				C0AAFDD1A73DEA203B988C30 /* MemoryInsightChatView.swift in Sources */,
				BCC178A5B4049531784C13F4 /* MemoryInsightContentView.swift in Sources */,
				904D2F4452D1ED17A947CD64 /* MemoryInsightNotificationService.swift in Sources */,
				43812CC0CAC331665A839E8B /* MemoryIssueHistoryStore.swift in Sources */,
				A8EB01EF6D724668896DB76B /* MemoryIssuePatternsView.swift in Sources */,
				03B0CC0B75C882455F238B4A /* MenuBarDiskMonitor.swift in Sources */,
				FC6623E26E2D1FA21EC83507 /* MenuBarExtensionPrompt.swift in Sources */,
				9384448034396B64ABBF3D19 /* MenuBarHealthScore.swift in Sources */,
				DB063CAC7875E4DDC2FE2A9D /* MenuBarMonitorController.swift in Sources */,
				B7284DB7D37A1021F42F9A6C /* MenuBarMonitorInstructionOverlay.swift in Sources */,
				222F260B8FC6D208194F7475 /* MenuBarPopoverSession.swift in Sources */,
				90BF69F8C6C7DE991377F87E /* NotificationSettingsView.swift in Sources */,
				2F8E0615B44E65399BB15C38 /* NotificationThresholdSettings.swift in Sources */,
				158813C796EA13AB146C66FC /* PythonSetupPrompt.swift in Sources */,
				DD2F2233CFB17ABB37688ACD /* RecommendationReviewSheet.swift in Sources */,
				DAB86108A2724D50A153E610 /* SavedScanPromptOverlay.swift in Sources */,
				12B3019096123619E84C856A /* ScanActivityMonitor.swift in Sources */,
				885A2A908289EC1695415A01 /* ScanCleanupNotificationService.swift in Sources */,
				35C2FBD43AA45854D7095316 /* ScanHistoryTabView.swift in Sources */,
				BC7B15D5B937D14ECD2DC88E /* ScanLogMonitor.swift in Sources */,
				DF328D0F13457A5F4FBEE1E8 /* ScanModePromptOverlay.swift in Sources */,
				1F51D2B07CD65407C66DC665 /* ScanProgressPoller.swift in Sources */,
				3C9391E32950657414DC1824 /* ScanScheduleService.swift in Sources */,
				FFF53442731852676DFDD026 /* ScanScheduleTabView.swift in Sources */,
				FACE59C51DED810AEC1F3B65 /* ScanningDockTileView.swift in Sources */,
				2E51EA5FD30ECF1DA75CE384 /* SparkleUpdater.swift in Sources */,
				39D358830B3310F80D7E34BC /* StartupAppsMonitor.swift in Sources */,
				3938F8DCE93E1F9DE02528D5 /* StartupAppsView.swift in Sources */,
				FAB2B6356F46985804A0B25C /* StartupSplashView.swift in Sources */,
				C61435492234EF4EFEB45B5C /* StatusBadge.swift in Sources */,
				9163047ADC6314366674E59B /* StorageBreakdownView.swift in Sources */,
				72866D3338346773621D17C0 /* StorageCleanupInsightsSection.swift in Sources */,
				D478BDC337A7D0947D33EFA6 /* SwipeMediaReviewSheet.swift in Sources */,
				8EA88D4A455BB6985DBB72A9 /* SystemHealthMonitor.swift in Sources */,
				3DCDE49CEF1302917C0BF7DB /* SystemHealthNotificationService.swift in Sources */,
				F5CDF3E090F86A36D4708FE1 /* SystemMemoryReliefView.swift in Sources */,
				FA5575535E0F00F7409EB33C /* SystemOptimizationView.swift in Sources */,
				B1CF70C5E32C91E0CB3E2E05 /* SystemStatusView.swift in Sources */,
				E1A2ACAD991ED07FA794BD6A /* VolumeDiskTabView.swift in Sources */,
				C23802B4AAF74663F4B08133 /* VolumeKeepAwakePulse.swift in Sources */,
				F52F4F28E6F6C876CD253154 /* VolumeScanScheduleStore.swift in Sources */,
				2E9B3F7F506A3D4BE5D8085A /* WhatsNewTourView.swift in Sources */,
			);
			runOnlyForDeploymentPostprocessing = 0;
		};
		B9B8C855498B279DA701EA26 /* Sources */ = {
			isa = PBXSourcesBuildPhase;
			buildActionMask = 2147483647;
			files = (
				89D546CA6DC3E2E8828C9750 /* AppViewModel.swift in Sources */,
				1E53EC8914F1731237797CA1 /* DiskWiseiOSApp.swift in Sources */,
				26C96575723C749EAEAAE2B9 /* MediaPreviewView.swift in Sources */,
				06173B02965DF82C4D27FD21 /* PhotoThumbnailView.swift in Sources */,
				553C8171BB9294B2F284F811 /* RootViews.swift in Sources */,
				E75DF114C65D6030BC78A33F /* ScreenshotOCR.swift in Sources */,
			);
			runOnlyForDeploymentPostprocessing = 0;
		};
/* End PBXSourcesBuildPhase section */

/* Begin XCBuildConfiguration section */
		0FBA174758CA814D9D9134C1 /* Debug */ = {
			isa = XCBuildConfiguration;
			buildSettings = {
				ALWAYS_SEARCH_USER_PATHS = NO;
				CLANG_ANALYZER_NONNULL = YES;
				CLANG_ANALYZER_NUMBER_OBJECT_CONVERSION = YES_AGGRESSIVE;
				CLANG_CXX_LANGUAGE_STANDARD = "gnu++14";
				CLANG_CXX_LIBRARY = "libc++";
				CLANG_ENABLE_MODULES = YES;
				CLANG_ENABLE_OBJC_ARC = YES;
				CLANG_ENABLE_OBJC_WEAK = YES;
				CLANG_WARN_BLOCK_CAPTURE_AUTORELEASING = YES;
				CLANG_WARN_BOOL_CONVERSION = YES;
				CLANG_WARN_COMMA = YES;
				CLANG_WARN_CONSTANT_CONVERSION = YES;
				CLANG_WARN_DEPRECATED_OBJC_IMPLEMENTATIONS = YES;
				CLANG_WARN_DIRECT_OBJC_ISA_USAGE = YES_ERROR;
				CLANG_WARN_DOCUMENTATION_COMMENTS = YES;
				CLANG_WARN_EMPTY_BODY = YES;
				CLANG_WARN_ENUM_CONVERSION = YES;
				CLANG_WARN_INFINITE_RECURSION = YES;
				CLANG_WARN_INT_CONVERSION = YES;
				CLANG_WARN_NON_LITERAL_NULL_CONVERSION = YES;
				CLANG_WARN_OBJC_IMPLICIT_RETAIN_SELF = YES;
				CLANG_WARN_OBJC_LITERAL_CONVERSION = YES;
				CLANG_WARN_OBJC_ROOT_CLASS = YES_ERROR;
				CLANG_WARN_QUOTED_INCLUDE_IN_FRAMEWORK_HEADER = YES;
				CLANG_WARN_RANGE_LOOP_ANALYSIS = YES;
				CLANG_WARN_STRICT_PROTOTYPES = YES;
				CLANG_WARN_SUSPICIOUS_MOVE = YES;
				CLANG_WARN_UNGUARDED_AVAILABILITY = YES_AGGRESSIVE;
				CLANG_WARN_UNREACHABLE_CODE = YES;
				CLANG_WARN__DUPLICATE_METHOD_MATCH = YES;
				COPY_PHASE_STRIP = NO;
				DEBUG_INFORMATION_FORMAT = dwarf;
				ENABLE_STRICT_OBJC_MSGSEND = YES;
				ENABLE_TESTABILITY = YES;
				GCC_C_LANGUAGE_STANDARD = gnu11;
				GCC_DYNAMIC_NO_PIC = NO;
				GCC_NO_COMMON_BLOCKS = YES;
				GCC_OPTIMIZATION_LEVEL = 0;
				GCC_PREPROCESSOR_DEFINITIONS = (
					"$(inherited)",
					"DEBUG=1",
				);
				GCC_WARN_64_TO_32_BIT_CONVERSION = YES;
				GCC_WARN_ABOUT_RETURN_TYPE = YES_ERROR;
				GCC_WARN_UNDECLARED_SELECTOR = YES;
				GCC_WARN_UNINITIALIZED_AUTOS = YES_AGGRESSIVE;
				GCC_WARN_UNUSED_FUNCTION = YES;
				GCC_WARN_UNUSED_VARIABLE = YES;
				IPHONEOS_DEPLOYMENT_TARGET = 17.0;
				MACOSX_DEPLOYMENT_TARGET = 14.0;
				MTL_ENABLE_DEBUG_INFO = INCLUDE_SOURCE;
				MTL_FAST_MATH = YES;
				ONLY_ACTIVE_ARCH = YES;
				PRODUCT_NAME = "$(TARGET_NAME)";
				SWIFT_ACTIVE_COMPILATION_CONDITIONS = DEBUG;
				SWIFT_OPTIMIZATION_LEVEL = "-Onone";
				SWIFT_VERSION = 5.9;
			};
			name = Debug;
		};
		21A162F00ADDF448B8E190F0 /* Release */ = {
			isa = XCBuildConfiguration;
			buildSettings = {
				ALWAYS_SEARCH_USER_PATHS = NO;
				CLANG_ANALYZER_NONNULL = YES;
				CLANG_ANALYZER_NUMBER_OBJECT_CONVERSION = YES_AGGRESSIVE;
				CLANG_CXX_LANGUAGE_STANDARD = "gnu++14";
				CLANG_CXX_LIBRARY = "libc++";
				CLANG_ENABLE_MODULES = YES;
				CLANG_ENABLE_OBJC_ARC = YES;
				CLANG_ENABLE_OBJC_WEAK = YES;
				CLANG_WARN_BLOCK_CAPTURE_AUTORELEASING = YES;
				CLANG_WARN_BOOL_CONVERSION = YES;
				CLANG_WARN_COMMA = YES;
				CLANG_WARN_CONSTANT_CONVERSION = YES;
				CLANG_WARN_DEPRECATED_OBJC_IMPLEMENTATIONS = YES;
				CLANG_WARN_DIRECT_OBJC_ISA_USAGE = YES_ERROR;
				CLANG_WARN_DOCUMENTATION_COMMENTS = YES;
				CLANG_WARN_EMPTY_BODY = YES;
				CLANG_WARN_ENUM_CONVERSION = YES;
				CLANG_WARN_INFINITE_RECURSION = YES;
				CLANG_WARN_INT_CONVERSION = YES;
				CLANG_WARN_NON_LITERAL_NULL_CONVERSION = YES;
				CLANG_WARN_OBJC_IMPLICIT_RETAIN_SELF = YES;
				CLANG_WARN_OBJC_LITERAL_CONVERSION = YES;
				CLANG_WARN_OBJC_ROOT_CLASS = YES_ERROR;
				CLANG_WARN_QUOTED_INCLUDE_IN_FRAMEWORK_HEADER = YES;
				CLANG_WARN_RANGE_LOOP_ANALYSIS = YES;
				CLANG_WARN_STRICT_PROTOTYPES = YES;
				CLANG_WARN_SUSPICIOUS_MOVE = YES;
				CLANG_WARN_UNGUARDED_AVAILABILITY = YES_AGGRESSIVE;
				CLANG_WARN_UNREACHABLE_CODE = YES;
				CLANG_WARN__DUPLICATE_METHOD_MATCH = YES;
				COPY_PHASE_STRIP = NO;
				DEBUG_INFORMATION_FORMAT = "dwarf-with-dsym";
				ENABLE_NS_ASSERTIONS = NO;
				ENABLE_STRICT_OBJC_MSGSEND = YES;
				GCC_C_LANGUAGE_STANDARD = gnu11;
				GCC_NO_COMMON_BLOCKS = YES;
				GCC_WARN_64_TO_32_BIT_CONVERSION = YES;
				GCC_WARN_ABOUT_RETURN_TYPE = YES_ERROR;
				GCC_WARN_UNDECLARED_SELECTOR = YES;
				GCC_WARN_UNINITIALIZED_AUTOS = YES_AGGRESSIVE;
				GCC_WARN_UNUSED_FUNCTION = YES;
				GCC_WARN_UNUSED_VARIABLE = YES;
				IPHONEOS_DEPLOYMENT_TARGET = 17.0;
				MACOSX_DEPLOYMENT_TARGET = 14.0;
				MTL_ENABLE_DEBUG_INFO = NO;
				MTL_FAST_MATH = YES;
				PRODUCT_NAME = "$(TARGET_NAME)";
				SWIFT_COMPILATION_MODE = wholemodule;
				SWIFT_OPTIMIZATION_LEVEL = "-O";
				SWIFT_VERSION = 5.9;
			};
			name = Release;
		};
		43AE3D5FCA9216DC63957258 /* Release */ = {
			isa = XCBuildConfiguration;
			buildSettings = {
				ASSETCATALOG_COMPILER_APPICON_NAME = AppIcon;
				CODE_SIGN_STYLE = Automatic;
				COMBINE_HIDPI_IMAGES = YES;
				CURRENT_PROJECT_VERSION = 7030;
				ENABLE_HARDENED_RUNTIME = YES;
				INFOPLIST_FILE = DiskWise/Info.plist;
				LD_RUNPATH_SEARCH_PATHS = (
					"$(inherited)",
					"@executable_path/../Frameworks",
				);
				MARKETING_VERSION = 0.7.30;
				OTHER_LDFLAGS = "$(inherited) -weak_framework FoundationModels";
				PRODUCT_BUNDLE_IDENTIFIER = net.suherman.diskwise;
				SDKROOT = macosx;
				SPARKLE_FEED_URL = "https://diskwise-registry.suherman.net/appcast.xml";
				SPARKLE_PUBLIC_ED_KEY = "B6P7+AkeawAfMFk4f5j3+0diuQWorDuCYNrVX0vJeV0=";
			};
			name = Release;
		};
		6D2D478D250C0CD379B18037 /* Debug */ = {
			isa = XCBuildConfiguration;
			buildSettings = {
				ASSETCATALOG_COMPILER_APPICON_NAME = AppIcon;
				CODE_SIGN_IDENTITY = "iPhone Developer";
				CODE_SIGN_STYLE = Automatic;
				CURRENT_PROJECT_VERSION = 9;
				DEVELOPMENT_TEAM = Q3TXW887NM;
				INFOPLIST_FILE = DiskWiseiOS/Info.plist;
				INFOPLIST_KEY_ITSAppUsesNonExemptEncryption = NO;
				INFOPLIST_KEY_LSApplicationCategoryType = "public.app-category.utilities";
				IPHONEOS_DEPLOYMENT_TARGET = 17.0;
				LD_RUNPATH_SEARCH_PATHS = (
					"$(inherited)",
					"@executable_path/Frameworks",
				);
				MARKETING_VERSION = 1.0.5;
				PRODUCT_BUNDLE_IDENTIFIER = net.suherman.diskwise.ios;
				SDKROOT = iphoneos;
				SUPPORTS_XR_DESIGNED_FOR_IPHONE_IPAD = NO;
				TARGETED_DEVICE_FAMILY = "1,2";
			};
			name = Debug;
		};
		99AC704A787AEE2808031789 /* Release */ = {
			isa = XCBuildConfiguration;
			buildSettings = {
				ASSETCATALOG_COMPILER_APPICON_NAME = AppIcon;
				CODE_SIGN_IDENTITY = "iPhone Developer";
				CODE_SIGN_STYLE = Automatic;
				CURRENT_PROJECT_VERSION = 9;
				DEVELOPMENT_TEAM = Q3TXW887NM;
				INFOPLIST_FILE = DiskWiseiOS/Info.plist;
				INFOPLIST_KEY_ITSAppUsesNonExemptEncryption = NO;
				INFOPLIST_KEY_LSApplicationCategoryType = "public.app-category.utilities";
				IPHONEOS_DEPLOYMENT_TARGET = 17.0;
				LD_RUNPATH_SEARCH_PATHS = (
					"$(inherited)",
					"@executable_path/Frameworks",
				);
				MARKETING_VERSION = 1.0.5;
				PRODUCT_BUNDLE_IDENTIFIER = net.suherman.diskwise.ios;
				SDKROOT = iphoneos;
				SUPPORTS_XR_DESIGNED_FOR_IPHONE_IPAD = NO;
				TARGETED_DEVICE_FAMILY = "1,2";
			};
			name = Release;
		};
		D92E6548CAC40F684F019579 /* Debug */ = {
			isa = XCBuildConfiguration;
			buildSettings = {
				ASSETCATALOG_COMPILER_APPICON_NAME = AppIcon;
				CODE_SIGN_STYLE = Automatic;
				COMBINE_HIDPI_IMAGES = YES;
				CURRENT_PROJECT_VERSION = 7030;
				ENABLE_HARDENED_RUNTIME = YES;
				INFOPLIST_FILE = DiskWise/Info.plist;
				LD_RUNPATH_SEARCH_PATHS = (
					"$(inherited)",
					"@executable_path/../Frameworks",
				);
				MARKETING_VERSION = 0.7.30;
				OTHER_LDFLAGS = "$(inherited) -weak_framework FoundationModels";
				PRODUCT_BUNDLE_IDENTIFIER = net.suherman.diskwise;
				SDKROOT = macosx;
				SPARKLE_FEED_URL = "http://127.0.0.1:3000/appcast.xml";
				SPARKLE_PUBLIC_ED_KEY = "B6P7+AkeawAfMFk4f5j3+0diuQWorDuCYNrVX0vJeV0=";
			};
			name = Debug;
		};
/* End XCBuildConfiguration section */

/* Begin XCConfigurationList section */
		173D6AD5DEF7EF6F96D36FA9 /* Build configuration list for PBXNativeTarget "DiskWise" */ = {
			isa = XCConfigurationList;
			buildConfigurations = (
				D92E6548CAC40F684F019579 /* Debug */,
				43AE3D5FCA9216DC63957258 /* Release */,
			);
			defaultConfigurationIsVisible = 0;
			defaultConfigurationName = Debug;
		};
		48FA90ACEC13655543260150 /* Build configuration list for PBXProject "DiskWise" */ = {
			isa = XCConfigurationList;
			buildConfigurations = (
				0FBA174758CA814D9D9134C1 /* Debug */,
				21A162F00ADDF448B8E190F0 /* Release */,
			);
			defaultConfigurationIsVisible = 0;
			defaultConfigurationName = Debug;
		};
		976E0F156BBF2071233D3D19 /* Build configuration list for PBXNativeTarget "DiskWiseiOS" */ = {
			isa = XCConfigurationList;
			buildConfigurations = (
				6D2D478D250C0CD379B18037 /* Debug */,
				99AC704A787AEE2808031789 /* Release */,
			);
			defaultConfigurationIsVisible = 0;
			defaultConfigurationName = Debug;
		};
/* End XCConfigurationList section */

/* Begin XCLocalSwiftPackageReference section */
		1AE79EFD7BFAC135785E9648 /* XCLocalSwiftPackageReference ".." */ = {
			isa = XCLocalSwiftPackageReference;
			relativePath = ..;
		};
/* End XCLocalSwiftPackageReference section */

/* Begin XCRemoteSwiftPackageReference section */
		6F3E9731E016488329F904E5 /* XCRemoteSwiftPackageReference "Sparkle" */ = {
			isa = XCRemoteSwiftPackageReference;
			repositoryURL = "https://github.com/sparkle-project/Sparkle";
			requirement = {
				kind = upToNextMajorVersion;
				minimumVersion = 2.7.0;
			};
		};
/* End XCRemoteSwiftPackageReference section */

/* Begin XCSwiftPackageProductDependency section */
		268149F6EA534326414CF175 /* AIKit */ = {
			isa = XCSwiftPackageProductDependency;
			productName = AIKit;
		};
		603D826F44FE9A518C0D3BDD /* DatabaseKit */ = {
			isa = XCSwiftPackageProductDependency;
			productName = DatabaseKit;
		};
		6953D9217C07B48CB1CA73C9 /* DiskScannerKit */ = {
			isa = XCSwiftPackageProductDependency;
			productName = DiskScannerKit;
		};
		703CA2B4203E9D7DB24560D4 /* PhotosKit */ = {
			isa = XCSwiftPackageProductDependency;
			productName = PhotosKit;
		};
		873697E510808232A5864DDB /* CleanupKit */ = {
			isa = XCSwiftPackageProductDependency;
			productName = CleanupKit;
		};
		9FEE827C95850FDD3406ADA0 /* MaintenanceKit */ = {
			isa = XCSwiftPackageProductDependency;
			productName = MaintenanceKit;
		};
		CA8CA1FCB359C47B036826D8 /* Sparkle */ = {
			isa = XCSwiftPackageProductDependency;
			package = 6F3E9731E016488329F904E5 /* XCRemoteSwiftPackageReference "Sparkle" */;
			productName = Sparkle;
		};
		E118092959DEFDD022BB88EC /* MetadataKit */ = {
			isa = XCSwiftPackageProductDependency;
			productName = MetadataKit;
		};
		E44897D5C0C445D604A9F3CB /* DuplicateKit */ = {
			isa = XCSwiftPackageProductDependency;
			productName = DuplicateKit;
		};
/* End XCSwiftPackageProductDependency section */
	};
	rootObject = 9D0B6F27C1D11C4D3019F3DF /* Project object */;
}
